
Microsoft Visual Studio Solution File, Format Version 12.00
# Visual Studio Version 17
VisualStudioVersion = 17.4.33213.308
MinimumVisualStudioVersion = 10.0.40219.1
Project("{FAE04EC0-301F-11D3-BF4B-00C04F79EFBC}") = "Открытка", "Открытка.csproj", "{B797EA1D-750B-4388-A088-711E42BAA33D}"
EndProject
Global
	GlobalSection(SolutionConfigurationPlatforms) = preSolution
		Debug|Any CPU = Debug|Any CPU
		Release|Any CPU = Release|Any CPU
	EndGlobalSection
	GlobalSection(ProjectConfigurationPlatforms) = postSolution
		{B797EA1D-750B-4388-A088-711E42BAA33D}.Debug|Any CPU.ActiveCfg = Debug|Any CPU
		{B797EA1D-750B-4388-A088-711E42BAA33D}.Debug|Any CPU.Build.0 = Debug|Any CPU
		{B797EA1D-750B-4388-A088-711E42BAA33D}.Release|Any CPU.ActiveCfg = Release|Any CPU
		{B797EA1D-750B-4388-A088-711E42BAA33D}.Release|Any CPU.Build.0 = Release|Any CPU
	EndGlobalSection
	GlobalSection(SolutionProperties) = preSolution
		HideSolutionNode = FALSE
	EndGlobalSection
	GlobalSection(ExtensibilityGlobals) = postSolution
		SolutionGuid = {3B182970-BE1E-46E3-9338-080033AC5863}
	EndGlobalSection
EndGlobal
